{
  "name": "prd",
  "version": "2.1.0",
  "lockfileVersion": 1,
  "requires": true,
  "dependencies": {
    "@babel/runtime-corejs2": {
      "version": "7.5.5",
      "resolved": "https://registry.npmjs.org/@babel/runtime-corejs2/-/runtime-corejs2-7.5.5.tgz",
      "integrity": "sha512-FYATQVR00NSNi7mUfpPDp7E8RYMXDuO8gaix7u/w3GekfUinKgX1AcTxs7SoiEmoEW9mbpjrwqWSW6zCmw5h8A==",
      "requires": {
        "core-js": "^2.6.5",
        "regenerator-runtime": "^0.13.2"
      }
    },
    "chickpea": {
      "version": "1.8.0",
      "resolved": "https://registry.npmjs.org/chickpea/-/chickpea-1.8.0.tgz",
      "integrity": "sha512-Ofu8dos1ix4q1yA/6laNXJL9ccLyB4cOsYqOu6vxs+vAvIJOk+A1DF142Xzpexrj3tHRoPHd+Ho/SAK3kvbkkA==",
      "requires": {
        "commander": "^2.20.0",
        "lodash.kebabcase": "^4.1.1"
      }
    },
    "civilized": {
      "version": "1.2.0",
      "resolved": "https://registry.npmjs.org/civilized/-/civilized-1.2.0.tgz",
      "integrity": "sha512-T6uHFhXYzF1NJJfSsdCcFjzhnMP9zHBEGIWK/3hFcc9PEOnLLc2sPl0Xcz4Nw1tWXJv8did8nwmaI0cspf0l/w==",
      "requires": {
        "xregexp": "^4.2.4"
      }
    },
    "commander": {
      "version": "2.20.0",
      "resolved": "https://registry.npmjs.org/commander/-/commander-2.20.0.tgz",
      "integrity": "sha512-7j2y+40w61zy6YC2iRNpUe/NwhNyoXrYpHMrSunaMG64nRnaf96zO/KMQR4OyN/UnE5KLyEBnKHd4aG3rskjpQ=="
    },
    "core-js": {
      "version": "2.6.9",
      "resolved": "https://registry.npmjs.org/core-js/-/core-js-2.6.9.tgz",
      "integrity": "sha512-HOpZf6eXmnl7la+cUdMnLvUxKNqLUzJvgIziQ0DiF3JwSImNphIqdGqzj6hIKyX04MmV0poclQ7+wjWvxQyR2A=="
    },
    "lodash.kebabcase": {
      "version": "4.1.1",
      "resolved": "https://registry.npmjs.org/lodash.kebabcase/-/lodash.kebabcase-4.1.1.tgz",
      "integrity": "sha1-hImxyw0p/4gZXM7KRI/21swpXDY="
    },
    "regenerator-runtime": {
      "version": "0.13.3",
      "resolved": "https://registry.npmjs.org/regenerator-runtime/-/regenerator-runtime-0.13.3.tgz",
      "integrity": "sha512-naKIZz2GQ8JWh///G7L3X6LaQUAMp2lvb1rvwwsURe/VXwD6VMfr+/1NuNw3ag8v2kY1aQ/go5SNn79O9JU7yw=="
    },
    "xregexp": {
      "version": "4.2.4",
      "resolved": "https://registry.npmjs.org/xregexp/-/xregexp-4.2.4.tgz",
      "integrity": "sha512-sO0bYdYeJAJBcJA8g7MJJX7UrOZIfJPd8U2SC7B2Dd/J24U0aQNoGp33shCaBSWeb0rD5rh6VBUIXOkGal1TZA==",
      "requires": {
        "@babel/runtime-corejs2": "^7.2.0"
      }
    }
  }
}
