{
  "name": "prd",
  "version": "1.0.0",
  "lockfileVersion": 1,
  "requires": true,
  "dependencies": {
    "chickpea": {
      "version": "1.5.0",
      "resolved": "https://registry.npmjs.org/chickpea/-/chickpea-1.5.0.tgz",
      "integrity": "sha512-VZ3bwrlR0zzFy6MlFeRimmd+iw22WKv8k+pYfNuoEbx1m8zKAz0/fBB0A2x4GmZquY+pHRDH+51jZ5AmHcRNZw==",
      "requires": {
        "commander": "^2.15.1",
        "lodash.kebabcase": "^4.1.1"
      }
    },
    "civilized": {
      "version": "1.0.3",
      "resolved": "https://registry.npmjs.org/civilized/-/civilized-1.0.3.tgz",
      "integrity": "sha512-kQoz4urmsGBqycTczK/PIJcIk2r8ItnCzlte6ecLK5yiwMXy3EjqP871pY0yWQOEypZ8uErLyYZ7I6zpApiQmQ==",
      "requires": {
        "xregexp": "^3.2.0"
      }
    },
    "commander": {
      "version": "2.15.1",
      "resolved": "https://registry.npmjs.org/commander/-/commander-2.15.1.tgz",
      "integrity": "sha512-VlfT9F3V0v+jr4yxPc5gg9s62/fIVWsd2Bk2iD435um1NlGMYdVCq+MjcXnhYq2icNOizHr1kK+5TI6H0Hy0ag=="
    },
    "lodash.kebabcase": {
      "version": "4.1.1",
      "resolved": "https://registry.npmjs.org/lodash.kebabcase/-/lodash.kebabcase-4.1.1.tgz",
      "integrity": "sha1-hImxyw0p/4gZXM7KRI/21swpXDY="
    },
    "xregexp": {
      "version": "3.2.0",
      "resolved": "https://registry.npmjs.org/xregexp/-/xregexp-3.2.0.tgz",
      "integrity": "sha1-yzYBmHv+JpW1hAAMGPHEqMMih44="
    }
  }
}
