{
  "name": "prd",
  "version": "2.17.0",
  "lockfileVersion": 2,
  "requires": true,
  "packages": {
    "": {
      "version": "2.17.0",
      "license": "ISC",
      "dependencies": {
        "chickpea": "^1.9.0",
        "civilized": "^1.2.0"
      },
      "bin": {
        "prd": "index.js"
      }
    },
    "node_modules/@babel/runtime-corejs3": {
      "version": "7.21.5",
      "resolved": "https://registry.npmjs.org/@babel/runtime-corejs3/-/runtime-corejs3-7.21.5.tgz",
      "integrity": "sha512-FRqFlFKNazWYykft5zvzuEl1YyTDGsIRrjV9rvxvYkUC7W/ueBng1X68Xd6uRMzAaJ0xMKn08/wem5YS1lpX8w==",
      "dependencies": {
        "core-js-pure": "^3.25.1",
        "regenerator-runtime": "^0.13.11"
      },
      "engines": {
        "node": ">=6.9.0"
      }
    },
    "node_modules/chickpea": {
      "version": "1.11.0",
      "resolved": "https://registry.npmjs.org/chickpea/-/chickpea-1.11.0.tgz",
      "integrity": "sha512-+vGkAR+eDOVqy7GTKLegvQCe1hCBCfii1Szr7un31nOga4+qPsmPeUxsYpzIfvmlc560NqpGYPcaZpUmFUm6KA==",
      "dependencies": {
        "commander": "^2.20.3",
        "lodash.kebabcase": "^4.1.1"
      }
    },
    "node_modules/civilized": {
      "version": "1.23.0",
      "resolved": "https://registry.npmjs.org/civilized/-/civilized-1.23.0.tgz",
      "integrity": "sha512-FSMEktpRmG8g7sNT5wiAaHXInOa7rFDu1Xe8Elh1sIDkatVgPEs51AOzUiXHLN6zIa0w0q1/4Ru+Cz6bFRbwZw==",
      "dependencies": {
        "xregexp": "^4.2.4"
      }
    },
    "node_modules/commander": {
      "version": "2.20.3",
      "resolved": "https://registry.npmjs.org/commander/-/commander-2.20.3.tgz",
      "integrity": "sha512-GpVkmM8vF2vQUkj2LvZmD35JxeJOLCwJ9cUkugyk2nuhbv3+mJvpLYYt+0+USMxE+oj+ey/lJEnhZw75x/OMcQ=="
    },
    "node_modules/core-js-pure": {
      "version": "3.30.1",
      "resolved": "https://registry.npmjs.org/core-js-pure/-/core-js-pure-3.30.1.tgz",
      "integrity": "sha512-nXBEVpmUnNRhz83cHd9JRQC52cTMcuXAmR56+9dSMpRdpeA4I1PX6yjmhd71Eyc/wXNsdBdUDIj1QTIeZpU5Tg==",
      "hasInstallScript": true,
      "funding": {
        "type": "opencollective",
        "url": "https://opencollective.com/core-js"
      }
    },
    "node_modules/lodash.kebabcase": {
      "version": "4.1.1",
      "resolved": "https://registry.npmjs.org/lodash.kebabcase/-/lodash.kebabcase-4.1.1.tgz",
      "integrity": "sha512-N8XRTIMMqqDgSy4VLKPnJ/+hpGZN+PHQiJnSenYqPaVV/NCqEogTnAdZLQiGKhxX+JCs8waWq2t1XHWKOmlY8g=="
    },
    "node_modules/regenerator-runtime": {
      "version": "0.13.11",
      "resolved": "https://registry.npmjs.org/regenerator-runtime/-/regenerator-runtime-0.13.11.tgz",
      "integrity": "sha512-kY1AZVr2Ra+t+piVaJ4gxaFaReZVH40AKNo7UCX6W+dEwBo/2oZJzqfuN1qLq1oL45o56cPaTXELwrTh8Fpggg=="
    },
    "node_modules/xregexp": {
      "version": "4.4.1",
      "resolved": "https://registry.npmjs.org/xregexp/-/xregexp-4.4.1.tgz",
      "integrity": "sha512-2u9HwfadaJaY9zHtRRnH6BY6CQVNQKkYm3oLtC9gJXXzfsbACg5X5e4EZZGVAH+YIfa+QA9lsFQTTe3HURF3ag==",
      "dependencies": {
        "@babel/runtime-corejs3": "^7.12.1"
      }
    }
  },
  "dependencies": {
    "@babel/runtime-corejs3": {
      "version": "7.21.5",
      "resolved": "https://registry.npmjs.org/@babel/runtime-corejs3/-/runtime-corejs3-7.21.5.tgz",
      "integrity": "sha512-FRqFlFKNazWYykft5zvzuEl1YyTDGsIRrjV9rvxvYkUC7W/ueBng1X68Xd6uRMzAaJ0xMKn08/wem5YS1lpX8w==",
      "requires": {
        "core-js-pure": "^3.25.1",
        "regenerator-runtime": "^0.13.11"
      }
    },
    "chickpea": {
      "version": "1.11.0",
      "resolved": "https://registry.npmjs.org/chickpea/-/chickpea-1.11.0.tgz",
      "integrity": "sha512-+vGkAR+eDOVqy7GTKLegvQCe1hCBCfii1Szr7un31nOga4+qPsmPeUxsYpzIfvmlc560NqpGYPcaZpUmFUm6KA==",
      "requires": {
        "commander": "^2.20.3",
        "lodash.kebabcase": "^4.1.1"
      }
    },
    "civilized": {
      "version": "1.23.0",
      "resolved": "https://registry.npmjs.org/civilized/-/civilized-1.23.0.tgz",
      "integrity": "sha512-FSMEktpRmG8g7sNT5wiAaHXInOa7rFDu1Xe8Elh1sIDkatVgPEs51AOzUiXHLN6zIa0w0q1/4Ru+Cz6bFRbwZw==",
      "requires": {
        "xregexp": "^4.2.4"
      }
    },
    "commander": {
      "version": "2.20.3",
      "resolved": "https://registry.npmjs.org/commander/-/commander-2.20.3.tgz",
      "integrity": "sha512-GpVkmM8vF2vQUkj2LvZmD35JxeJOLCwJ9cUkugyk2nuhbv3+mJvpLYYt+0+USMxE+oj+ey/lJEnhZw75x/OMcQ=="
    },
    "core-js-pure": {
      "version": "3.30.1",
      "resolved": "https://registry.npmjs.org/core-js-pure/-/core-js-pure-3.30.1.tgz",
      "integrity": "sha512-nXBEVpmUnNRhz83cHd9JRQC52cTMcuXAmR56+9dSMpRdpeA4I1PX6yjmhd71Eyc/wXNsdBdUDIj1QTIeZpU5Tg=="
    },
    "lodash.kebabcase": {
      "version": "4.1.1",
      "resolved": "https://registry.npmjs.org/lodash.kebabcase/-/lodash.kebabcase-4.1.1.tgz",
      "integrity": "sha512-N8XRTIMMqqDgSy4VLKPnJ/+hpGZN+PHQiJnSenYqPaVV/NCqEogTnAdZLQiGKhxX+JCs8waWq2t1XHWKOmlY8g=="
    },
    "regenerator-runtime": {
      "version": "0.13.11",
      "resolved": "https://registry.npmjs.org/regenerator-runtime/-/regenerator-runtime-0.13.11.tgz",
      "integrity": "sha512-kY1AZVr2Ra+t+piVaJ4gxaFaReZVH40AKNo7UCX6W+dEwBo/2oZJzqfuN1qLq1oL45o56cPaTXELwrTh8Fpggg=="
    },
    "xregexp": {
      "version": "4.4.1",
      "resolved": "https://registry.npmjs.org/xregexp/-/xregexp-4.4.1.tgz",
      "integrity": "sha512-2u9HwfadaJaY9zHtRRnH6BY6CQVNQKkYm3oLtC9gJXXzfsbACg5X5e4EZZGVAH+YIfa+QA9lsFQTTe3HURF3ag==",
      "requires": {
        "@babel/runtime-corejs3": "^7.12.1"
      }
    }
  }
}
